// !$*UTF8*$!
{
	archiveVersion = 1;
	classes = {
	};
	objectVersion = 55;
	objects = {

/* Begin PBXBuildFile section */
		442FCCED2813167A00C4993D /* main.cpp in Sources */ = {isa = PBXBuildFile; fileRef = 442FCCEC2813167A00C4993D /* main.cpp */; };
		442FCCF5281319FF00C4993D /* libmpi.40.dylib in Frameworks */ = {isa = PBXBuildFile; fileRef = 442FCCF4281319FF00C4993D /* libmpi.40.dylib */; };
		442FCCFE28132BEF00C4993D /* pugixml.cpp in Sources */ = {isa = PBXBuildFile; fileRef = 442FCCFD28132BEF00C4993D /* pugixml.cpp */; };
		442FCD0128132C7000C4993D /* bare_hamiltonian.cpp in Sources */ = {isa = PBXBuildFile; fileRef = 442FCCFF28132C7000C4993D /* bare_hamiltonian.cpp */; };
		442FCD0A28132DE700C4993D /* self_consistency.cpp in Sources */ = {isa = PBXBuildFile; fileRef = 442FCD0828132DE700C4993D /* self_consistency.cpp */; };
		442FCD0D28132E1400C4993D /* ct_aux_imp_solver.cpp in Sources */ = {isa = PBXBuildFile; fileRef = 442FCD0B28132E1400C4993D /* ct_aux_imp_solver.cpp */; };
		442FCD1028132E3400C4993D /* green_function.cpp in Sources */ = {isa = PBXBuildFile; fileRef = 442FCD0E28132E3400C4993D /* green_function.cpp */; };
/* End PBXBuildFile section */

/* Begin PBXCopyFilesBuildPhase section */
		442FCCE72813167A00C4993D /* CopyFiles */ = {
			isa = PBXCopyFilesBuildPhase;
			buildActionMask = 2147483647;
			dstPath = /usr/share/man/man1/;
			dstSubfolderSpec = 0;
			files = (
			);
			runOnlyForDeploymentPostprocessing = 1;
		};
/* End PBXCopyFilesBuildPhase section */

/* Begin PBXFileReference section */
		442FCCE92813167A00C4993D /* dmft-renew */ = {isa = PBXFileReference; explicitFileType = "compiled.mach-o.executable"; includeInIndex = 0; path = "dmft-renew"; sourceTree = BUILT_PRODUCTS_DIR; };
		442FCCEC2813167A00C4993D /* main.cpp */ = {isa = PBXFileReference; lastKnownFileType = sourcecode.cpp.cpp; path = main.cpp; sourceTree = "<group>"; };
		442FCCF4281319FF00C4993D /* libmpi.40.dylib */ = {isa = PBXFileReference; lastKnownFileType = "compiled.mach-o.dylib"; name = libmpi.40.dylib; path = "../../../../opt/homebrew/Cellar/open-mpi/4.1.2/lib/libmpi.40.dylib"; sourceTree = "<group>"; };
		442FCCFB28132BEF00C4993D /* pugiconfig.hpp */ = {isa = PBXFileReference; fileEncoding = 4; lastKnownFileType = sourcecode.cpp.h; path = pugiconfig.hpp; sourceTree = "<group>"; };
		442FCCFC28132BEF00C4993D /* pugixml.hpp */ = {isa = PBXFileReference; fileEncoding = 4; lastKnownFileType = sourcecode.cpp.h; path = pugixml.hpp; sourceTree = "<group>"; };
		442FCCFD28132BEF00C4993D /* pugixml.cpp */ = {isa = PBXFileReference; fileEncoding = 4; lastKnownFileType = sourcecode.cpp.cpp; path = pugixml.cpp; sourceTree = "<group>"; };
		442FCCFF28132C7000C4993D /* bare_hamiltonian.cpp */ = {isa = PBXFileReference; lastKnownFileType = sourcecode.cpp.cpp; path = bare_hamiltonian.cpp; sourceTree = "<group>"; };
		442FCD0028132C7000C4993D /* bare_hamiltonian.hpp */ = {isa = PBXFileReference; lastKnownFileType = sourcecode.cpp.h; path = bare_hamiltonian.hpp; sourceTree = "<group>"; };
		442FCD0328132D0800C4993D /* gf_data_wrapper.hpp */ = {isa = PBXFileReference; lastKnownFileType = sourcecode.cpp.h; path = gf_data_wrapper.hpp; sourceTree = "<group>"; };
		442FCD0628132D3200C4993D /* cubic_spline.hpp */ = {isa = PBXFileReference; lastKnownFileType = sourcecode.cpp.h; path = cubic_spline.hpp; sourceTree = "<group>"; };
		442FCD0828132DE700C4993D /* self_consistency.cpp */ = {isa = PBXFileReference; lastKnownFileType = sourcecode.cpp.cpp; path = self_consistency.cpp; sourceTree = "<group>"; };
		442FCD0928132DE700C4993D /* self_consistency.hpp */ = {isa = PBXFileReference; lastKnownFileType = sourcecode.cpp.h; path = self_consistency.hpp; sourceTree = "<group>"; };
		442FCD0B28132E1400C4993D /* ct_aux_imp_solver.cpp */ = {isa = PBXFileReference; lastKnownFileType = sourcecode.cpp.cpp; path = ct_aux_imp_solver.cpp; sourceTree = "<group>"; };
		442FCD0C28132E1400C4993D /* ct_aux_imp_solver.hpp */ = {isa = PBXFileReference; lastKnownFileType = sourcecode.cpp.h; path = ct_aux_imp_solver.hpp; sourceTree = "<group>"; };
		442FCD0E28132E3400C4993D /* green_function.cpp */ = {isa = PBXFileReference; lastKnownFileType = sourcecode.cpp.cpp; path = green_function.cpp; sourceTree = "<group>"; };
		442FCD0F28132E3400C4993D /* green_function.hpp */ = {isa = PBXFileReference; lastKnownFileType = sourcecode.cpp.h; path = green_function.hpp; sourceTree = "<group>"; };
		442FCD1228132E4B00C4993D /* input.hpp */ = {isa = PBXFileReference; lastKnownFileType = sourcecode.cpp.h; path = input.hpp; sourceTree = "<group>"; };
		442FCD1528132EA500C4993D /* anal_continuation.hpp */ = {isa = PBXFileReference; lastKnownFileType = sourcecode.cpp.h; path = anal_continuation.hpp; sourceTree = "<group>"; };
		442FCD172813349F00C4993D /* CMakeLists.txt */ = {isa = PBXFileReference; lastKnownFileType = text; path = CMakeLists.txt; sourceTree = "<group>"; };
		442FCD18281337F200C4993D /* CMakeLists.txt */ = {isa = PBXFileReference; lastKnownFileType = text; path = CMakeLists.txt; sourceTree = "<group>"; };
		442FCD19281340B300C4993D /* CMakeLists.txt */ = {isa = PBXFileReference; lastKnownFileType = text; path = CMakeLists.txt; sourceTree = "<group>"; };
		44934F132830AC8900620D90 /* block_progress_bar.hpp */ = {isa = PBXFileReference; fileEncoding = 4; lastKnownFileType = sourcecode.cpp.h; path = block_progress_bar.hpp; sourceTree = "<group>"; };
		44934F142830AC8900620D90 /* display_width.hpp */ = {isa = PBXFileReference; fileEncoding = 4; lastKnownFileType = sourcecode.cpp.h; path = display_width.hpp; sourceTree = "<group>"; };
		44934F152830AC8900620D90 /* termcolor.hpp */ = {isa = PBXFileReference; fileEncoding = 4; lastKnownFileType = sourcecode.cpp.h; path = termcolor.hpp; sourceTree = "<group>"; };
		44934F162830AC8900620D90 /* progress_type.hpp */ = {isa = PBXFileReference; fileEncoding = 4; lastKnownFileType = sourcecode.cpp.h; path = progress_type.hpp; sourceTree = "<group>"; };
		44934F172830AC8900620D90 /* cursor_movement.hpp */ = {isa = PBXFileReference; fileEncoding = 4; lastKnownFileType = sourcecode.cpp.h; path = cursor_movement.hpp; sourceTree = "<group>"; };
		44934F192830AC8900620D90 /* stream_helper.hpp */ = {isa = PBXFileReference; fileEncoding = 4; lastKnownFileType = sourcecode.cpp.h; path = stream_helper.hpp; sourceTree = "<group>"; };
		44934F1A2830AC8900620D90 /* multi_progress.hpp */ = {isa = PBXFileReference; fileEncoding = 4; lastKnownFileType = sourcecode.cpp.h; path = multi_progress.hpp; sourceTree = "<group>"; };
		44934F1B2830AC8900620D90 /* dynamic_progress.hpp */ = {isa = PBXFileReference; fileEncoding = 4; lastKnownFileType = sourcecode.cpp.h; path = dynamic_progress.hpp; sourceTree = "<group>"; };
		44934F1C2830AC8900620D90 /* font_style.hpp */ = {isa = PBXFileReference; fileEncoding = 4; lastKnownFileType = sourcecode.cpp.h; path = font_style.hpp; sourceTree = "<group>"; };
		44934F1D2830AC8900620D90 /* progress_bar.hpp */ = {isa = PBXFileReference; fileEncoding = 4; lastKnownFileType = sourcecode.cpp.h; path = progress_bar.hpp; sourceTree = "<group>"; };
		44934F1E2830AC8900620D90 /* terminal_size.hpp */ = {isa = PBXFileReference; fileEncoding = 4; lastKnownFileType = sourcecode.cpp.h; path = terminal_size.hpp; sourceTree = "<group>"; };
		44934F1F2830AC8900620D90 /* color.hpp */ = {isa = PBXFileReference; fileEncoding = 4; lastKnownFileType = sourcecode.cpp.h; path = color.hpp; sourceTree = "<group>"; };
		44934F202830AC8900620D90 /* cursor_control.hpp */ = {isa = PBXFileReference; fileEncoding = 4; lastKnownFileType = sourcecode.cpp.h; path = cursor_control.hpp; sourceTree = "<group>"; };
		44934F212830AC8900620D90 /* progress_spinner.hpp */ = {isa = PBXFileReference; fileEncoding = 4; lastKnownFileType = sourcecode.cpp.h; path = progress_spinner.hpp; sourceTree = "<group>"; };
		44934F222830AC8900620D90 /* indeterminate_progress_bar.hpp */ = {isa = PBXFileReference; fileEncoding = 4; lastKnownFileType = sourcecode.cpp.h; path = indeterminate_progress_bar.hpp; sourceTree = "<group>"; };
		44934F232830AC8900620D90 /* setting.hpp */ = {isa = PBXFileReference; fileEncoding = 4; lastKnownFileType = sourcecode.cpp.h; path = setting.hpp; sourceTree = "<group>"; };
		44934F242830B2A900620D90 /* mpreal.h */ = {isa = PBXFileReference; fileEncoding = 4; lastKnownFileType = sourcecode.c.h; path = mpreal.h; sourceTree = "<group>"; };
/* End PBXFileReference section */

/* Begin PBXFrameworksBuildPhase section */
		442FCCE62813167A00C4993D /* Frameworks */ = {
			isa = PBXFrameworksBuildPhase;
			buildActionMask = 2147483647;
			files = (
				442FCCF5281319FF00C4993D /* libmpi.40.dylib in Frameworks */,
			);
			runOnlyForDeploymentPostprocessing = 0;
		};
/* End PBXFrameworksBuildPhase section */

/* Begin PBXGroup section */
		442FCCE02813167A00C4993D = {
			isa = PBXGroup;
			children = (
				442FCCEB2813167A00C4993D /* dmft-renew */,
				442FCCEA2813167A00C4993D /* Products */,
				442FCCF3281319FF00C4993D /* Frameworks */,
			);
			sourceTree = "<group>";
		};
		442FCCEA2813167A00C4993D /* Products */ = {
			isa = PBXGroup;
			children = (
				442FCCE92813167A00C4993D /* dmft-renew */,
			);
			name = Products;
			sourceTree = "<group>";
		};
		442FCCEB2813167A00C4993D /* dmft-renew */ = {
			isa = PBXGroup;
			children = (
				442FCCF928132BB100C4993D /* dependencies */,
				442FCCF628132B4500C4993D /* src */,
				442FCCEC2813167A00C4993D /* main.cpp */,
				442FCD19281340B300C4993D /* CMakeLists.txt */,
			);
			path = "dmft-renew";
			sourceTree = "<group>";
		};
		442FCCF3281319FF00C4993D /* Frameworks */ = {
			isa = PBXGroup;
			children = (
				442FCCF4281319FF00C4993D /* libmpi.40.dylib */,
			);
			name = Frameworks;
			sourceTree = "<group>";
		};
		442FCCF628132B4500C4993D /* src */ = {
			isa = PBXGroup;
			children = (
				442FCCFF28132C7000C4993D /* bare_hamiltonian.cpp */,
				442FCD0028132C7000C4993D /* bare_hamiltonian.hpp */,
				442FCD0328132D0800C4993D /* gf_data_wrapper.hpp */,
				442FCD0628132D3200C4993D /* cubic_spline.hpp */,
				442FCD0828132DE700C4993D /* self_consistency.cpp */,
				442FCD0928132DE700C4993D /* self_consistency.hpp */,
				442FCD0B28132E1400C4993D /* ct_aux_imp_solver.cpp */,
				442FCD0C28132E1400C4993D /* ct_aux_imp_solver.hpp */,
				442FCD0E28132E3400C4993D /* green_function.cpp */,
				442FCD0F28132E3400C4993D /* green_function.hpp */,
				442FCD1228132E4B00C4993D /* input.hpp */,
				442FCD1528132EA500C4993D /* anal_continuation.hpp */,
				442FCD18281337F200C4993D /* CMakeLists.txt */,
			);
			path = src;
			sourceTree = "<group>";
		};
		442FCCF928132BB100C4993D /* dependencies */ = {
			isa = PBXGroup;
			children = (
				44934F242830B2A900620D90 /* mpreal.h */,
				44934F122830AC8900620D90 /* indicators */,
				442FCCFA28132BEF00C4993D /* pugixml */,
			);
			path = dependencies;
			sourceTree = "<group>";
		};
		442FCCFA28132BEF00C4993D /* pugixml */ = {
			isa = PBXGroup;
			children = (
				442FCCFB28132BEF00C4993D /* pugiconfig.hpp */,
				442FCCFC28132BEF00C4993D /* pugixml.hpp */,
				442FCCFD28132BEF00C4993D /* pugixml.cpp */,
				442FCD172813349F00C4993D /* CMakeLists.txt */,
			);
			path = pugixml;
			sourceTree = "<group>";
		};
		44934F122830AC8900620D90 /* indicators */ = {
			isa = PBXGroup;
			children = (
				44934F132830AC8900620D90 /* block_progress_bar.hpp */,
				44934F142830AC8900620D90 /* display_width.hpp */,
				44934F152830AC8900620D90 /* termcolor.hpp */,
				44934F162830AC8900620D90 /* progress_type.hpp */,
				44934F172830AC8900620D90 /* cursor_movement.hpp */,
				44934F182830AC8900620D90 /* details */,
				44934F1A2830AC8900620D90 /* multi_progress.hpp */,
				44934F1B2830AC8900620D90 /* dynamic_progress.hpp */,
				44934F1C2830AC8900620D90 /* font_style.hpp */,
				44934F1D2830AC8900620D90 /* progress_bar.hpp */,
				44934F1E2830AC8900620D90 /* terminal_size.hpp */,
				44934F1F2830AC8900620D90 /* color.hpp */,
				44934F202830AC8900620D90 /* cursor_control.hpp */,
				44934F212830AC8900620D90 /* progress_spinner.hpp */,
				44934F222830AC8900620D90 /* indeterminate_progress_bar.hpp */,
				44934F232830AC8900620D90 /* setting.hpp */,
			);
			path = indicators;
			sourceTree = "<group>";
		};
		44934F182830AC8900620D90 /* details */ = {
			isa = PBXGroup;
			children = (
				44934F192830AC8900620D90 /* stream_helper.hpp */,
			);
			path = details;
			sourceTree = "<group>";
		};
/* End PBXGroup section */

/* Begin PBXNativeTarget section */
		442FCCE82813167A00C4993D /* dmft-renew */ = {
			isa = PBXNativeTarget;
			buildConfigurationList = 442FCCF02813167A00C4993D /* Build configuration list for PBXNativeTarget "dmft-renew" */;
			buildPhases = (
				442FCCE52813167A00C4993D /* Sources */,
				442FCCE62813167A00C4993D /* Frameworks */,
				442FCCE72813167A00C4993D /* CopyFiles */,
			);
			buildRules = (
			);
			dependencies = (
			);
			name = "dmft-renew";
			productName = "dmft-renew";
			productReference = 442FCCE92813167A00C4993D /* dmft-renew */;
			productType = "com.apple.product-type.tool";
		};
/* End PBXNativeTarget section */

/* Begin PBXProject section */
		442FCCE12813167A00C4993D /* Project object */ = {
			isa = PBXProject;
			attributes = {
				BuildIndependentTargetsInParallel = 1;
				LastUpgradeCheck = 1330;
				TargetAttributes = {
					442FCCE82813167A00C4993D = {
						CreatedOnToolsVersion = 13.3.1;
					};
				};
			};
			buildConfigurationList = 442FCCE42813167A00C4993D /* Build configuration list for PBXProject "dmft-renew" */;
			compatibilityVersion = "Xcode 13.0";
			developmentRegion = en;
			hasScannedForEncodings = 0;
			knownRegions = (
				en,
				Base,
			);
			mainGroup = 442FCCE02813167A00C4993D;
			productRefGroup = 442FCCEA2813167A00C4993D /* Products */;
			projectDirPath = "";
			projectRoot = "";
			targets = (
				442FCCE82813167A00C4993D /* dmft-renew */,
			);
		};
/* End PBXProject section */

/* Begin PBXSourcesBuildPhase section */
		442FCCE52813167A00C4993D /* Sources */ = {
			isa = PBXSourcesBuildPhase;
			buildActionMask = 2147483647;
			files = (
				442FCD0A28132DE700C4993D /* self_consistency.cpp in Sources */,
				442FCD0D28132E1400C4993D /* ct_aux_imp_solver.cpp in Sources */,
				442FCD0128132C7000C4993D /* bare_hamiltonian.cpp in Sources */,
				442FCCFE28132BEF00C4993D /* pugixml.cpp in Sources */,
				442FCCED2813167A00C4993D /* main.cpp in Sources */,
				442FCD1028132E3400C4993D /* green_function.cpp in Sources */,
			);
			runOnlyForDeploymentPostprocessing = 0;
		};
/* End PBXSourcesBuildPhase section */

/* Begin XCBuildConfiguration section */
		442FCCEE2813167A00C4993D /* Debug */ = {
			isa = XCBuildConfiguration;
			buildSettings = {
				ALWAYS_SEARCH_USER_PATHS = NO;
				CLANG_ANALYZER_NONNULL = YES;
				CLANG_ANALYZER_NUMBER_OBJECT_CONVERSION = YES_AGGRESSIVE;
				CLANG_CXX_LANGUAGE_STANDARD = "gnu++17";
				CLANG_ENABLE_MODULES = YES;
				CLANG_ENABLE_OBJC_ARC = YES;
				CLANG_ENABLE_OBJC_WEAK = YES;
				CLANG_WARN_BLOCK_CAPTURE_AUTORELEASING = YES;
				CLANG_WARN_BOOL_CONVERSION = YES;
				CLANG_WARN_COMMA = YES;
				CLANG_WARN_CONSTANT_CONVERSION = YES;
				CLANG_WARN_DEPRECATED_OBJC_IMPLEMENTATIONS = YES;
				CLANG_WARN_DIRECT_OBJC_ISA_USAGE = YES_ERROR;
				CLANG_WARN_DOCUMENTATION_COMMENTS = YES;
				CLANG_WARN_EMPTY_BODY = YES;
				CLANG_WARN_ENUM_CONVERSION = YES;
				CLANG_WARN_INFINITE_RECURSION = YES;
				CLANG_WARN_INT_CONVERSION = YES;
				CLANG_WARN_NON_LITERAL_NULL_CONVERSION = YES;
				CLANG_WARN_OBJC_IMPLICIT_RETAIN_SELF = YES;
				CLANG_WARN_OBJC_LITERAL_CONVERSION = YES;
				CLANG_WARN_OBJC_ROOT_CLASS = YES_ERROR;
				CLANG_WARN_QUOTED_INCLUDE_IN_FRAMEWORK_HEADER = YES;
				CLANG_WARN_RANGE_LOOP_ANALYSIS = YES;
				CLANG_WARN_STRICT_PROTOTYPES = YES;
				CLANG_WARN_SUSPICIOUS_MOVE = YES;
				CLANG_WARN_UNGUARDED_AVAILABILITY = YES_AGGRESSIVE;
				CLANG_WARN_UNREACHABLE_CODE = YES;
				CLANG_WARN__DUPLICATE_METHOD_MATCH = YES;
				COPY_PHASE_STRIP = NO;
				DEBUG_INFORMATION_FORMAT = dwarf;
				ENABLE_STRICT_OBJC_MSGSEND = YES;
				ENABLE_TESTABILITY = YES;
				GCC_C_LANGUAGE_STANDARD = gnu11;
				GCC_DYNAMIC_NO_PIC = NO;
				GCC_NO_COMMON_BLOCKS = YES;
				GCC_OPTIMIZATION_LEVEL = 0;
				GCC_PREPROCESSOR_DEFINITIONS = (
					"DEBUG=1",
					"$(inherited)",
				);
				GCC_WARN_64_TO_32_BIT_CONVERSION = YES;
				GCC_WARN_ABOUT_RETURN_TYPE = YES_ERROR;
				GCC_WARN_UNDECLARED_SELECTOR = YES;
				GCC_WARN_UNINITIALIZED_AUTOS = YES_AGGRESSIVE;
				GCC_WARN_UNUSED_FUNCTION = YES;
				GCC_WARN_UNUSED_VARIABLE = YES;
				MACOSX_DEPLOYMENT_TARGET = 12.3;
				MTL_ENABLE_DEBUG_INFO = INCLUDE_SOURCE;
				MTL_FAST_MATH = YES;
				ONLY_ACTIVE_ARCH = YES;
				SDKROOT = macosx;
			};
			name = Debug;
		};
		442FCCEF2813167A00C4993D /* Release */ = {
			isa = XCBuildConfiguration;
			buildSettings = {
				ALWAYS_SEARCH_USER_PATHS = NO;
				CLANG_ANALYZER_NONNULL = YES;
				CLANG_ANALYZER_NUMBER_OBJECT_CONVERSION = YES_AGGRESSIVE;
				CLANG_CXX_LANGUAGE_STANDARD = "gnu++17";
				CLANG_ENABLE_MODULES = YES;
				CLANG_ENABLE_OBJC_ARC = YES;
				CLANG_ENABLE_OBJC_WEAK = YES;
				CLANG_WARN_BLOCK_CAPTURE_AUTORELEASING = YES;
				CLANG_WARN_BOOL_CONVERSION = YES;
				CLANG_WARN_COMMA = YES;
				CLANG_WARN_CONSTANT_CONVERSION = YES;
				CLANG_WARN_DEPRECATED_OBJC_IMPLEMENTATIONS = YES;
				CLANG_WARN_DIRECT_OBJC_ISA_USAGE = YES_ERROR;
				CLANG_WARN_DOCUMENTATION_COMMENTS = YES;
				CLANG_WARN_EMPTY_BODY = YES;
				CLANG_WARN_ENUM_CONVERSION = YES;
				CLANG_WARN_INFINITE_RECURSION = YES;
				CLANG_WARN_INT_CONVERSION = YES;
				CLANG_WARN_NON_LITERAL_NULL_CONVERSION = YES;
				CLANG_WARN_OBJC_IMPLICIT_RETAIN_SELF = YES;
				CLANG_WARN_OBJC_LITERAL_CONVERSION = YES;
				CLANG_WARN_OBJC_ROOT_CLASS = YES_ERROR;
				CLANG_WARN_QUOTED_INCLUDE_IN_FRAMEWORK_HEADER = YES;
				CLANG_WARN_RANGE_LOOP_ANALYSIS = YES;
				CLANG_WARN_STRICT_PROTOTYPES = YES;
				CLANG_WARN_SUSPICIOUS_MOVE = YES;
				CLANG_WARN_UNGUARDED_AVAILABILITY = YES_AGGRESSIVE;
				CLANG_WARN_UNREACHABLE_CODE = YES;
				CLANG_WARN__DUPLICATE_METHOD_MATCH = YES;
				COPY_PHASE_STRIP = NO;
				DEBUG_INFORMATION_FORMAT = "dwarf-with-dsym";
				ENABLE_NS_ASSERTIONS = NO;
				ENABLE_STRICT_OBJC_MSGSEND = YES;
				GCC_C_LANGUAGE_STANDARD = gnu11;
				GCC_NO_COMMON_BLOCKS = YES;
				GCC_WARN_64_TO_32_BIT_CONVERSION = YES;
				GCC_WARN_ABOUT_RETURN_TYPE = YES_ERROR;
				GCC_WARN_UNDECLARED_SELECTOR = YES;
				GCC_WARN_UNINITIALIZED_AUTOS = YES_AGGRESSIVE;
				GCC_WARN_UNUSED_FUNCTION = YES;
				GCC_WARN_UNUSED_VARIABLE = YES;
				MACOSX_DEPLOYMENT_TARGET = 12.3;
				MTL_ENABLE_DEBUG_INFO = NO;
				MTL_FAST_MATH = YES;
				SDKROOT = macosx;
			};
			name = Release;
		};
		442FCCF12813167A00C4993D /* Debug */ = {
			isa = XCBuildConfiguration;
			buildSettings = {
				CODE_SIGN_STYLE = Automatic;
				HEADER_SEARCH_PATHS = (
					/usr/local/include,
					"/opt/homebrew/Cellar/open-mpi/4.1.2/include",
					/opt/homebrew/Cellar/mpfr/4.1.0/include,
					/opt/homebrew/Cellar/gmp/6.2.1_1/include,
				);
				LIBRARY_SEARCH_PATHS = (
					"$(inherited)",
					"/opt/homebrew/Cellar/open-mpi/4.1.2/lib",
					/opt/homebrew/Cellar/mpfr/4.1.0/lib,
					/opt/homebrew/Cellar/gmp/6.2.1_1/lib,
				);
				ONLY_ACTIVE_ARCH = YES;
				OTHER_LDFLAGS = (
					"-lmpfr",
					"-lgmp",
				);
				PRODUCT_NAME = "$(TARGET_NAME)";
			};
			name = Debug;
		};
		442FCCF22813167A00C4993D /* Release */ = {
			isa = XCBuildConfiguration;
			buildSettings = {
				CODE_SIGN_STYLE = Automatic;
				HEADER_SEARCH_PATHS = (
					/usr/local/include,
					"/opt/homebrew/Cellar/open-mpi/4.1.2/include",
					/opt/homebrew/Cellar/mpfr/4.1.0/include,
					/opt/homebrew/Cellar/gmp/6.2.1_1/include,
				);
				LIBRARY_SEARCH_PATHS = (
					"$(inherited)",
					"/opt/homebrew/Cellar/open-mpi/4.1.2/lib",
					/opt/homebrew/Cellar/mpfr/4.1.0/lib,
					/opt/homebrew/Cellar/gmp/6.2.1_1/lib,
				);
				ONLY_ACTIVE_ARCH = YES;
				OTHER_LDFLAGS = (
					"-lmpfr",
					"-lgmp",
				);
				PRODUCT_NAME = "$(TARGET_NAME)";
			};
			name = Release;
		};
/* End XCBuildConfiguration section */

/* Begin XCConfigurationList section */
		442FCCE42813167A00C4993D /* Build configuration list for PBXProject "dmft-renew" */ = {
			isa = XCConfigurationList;
			buildConfigurations = (
				442FCCEE2813167A00C4993D /* Debug */,
				442FCCEF2813167A00C4993D /* Release */,
			);
			defaultConfigurationIsVisible = 0;
			defaultConfigurationName = Release;
		};
		442FCCF02813167A00C4993D /* Build configuration list for PBXNativeTarget "dmft-renew" */ = {
			isa = XCConfigurationList;
			buildConfigurations = (
				442FCCF12813167A00C4993D /* Debug */,
				442FCCF22813167A00C4993D /* Release */,
			);
			defaultConfigurationIsVisible = 0;
			defaultConfigurationName = Release;
		};
/* End XCConfigurationList section */
	};
	rootObject = 442FCCE12813167A00C4993D /* Project object */;
}
